{
    "name": "node-red-project",
    "version": "0.0.1",
    "lockfileVersion": 2,
    "requires": true,
    "packages": {
        "": {
            "name": "node-red-project",
            "version": "0.0.1",
            "dependencies": {
                "autana-api-gateway": "~1.0.3"
            }
        },
        "node_modules/autana-api-gateway": {
            "version": "1.0.3",
            "resolved": "https://registry.npmjs.org/autana-api-gateway/-/autana-api-gateway-1.0.3.tgz",
            "integrity": "sha512-J43UxfQCK5g3KbzBUdlPIkaW/EyXLEvXVPHhYoTkaDqDdLpWLPrFuoT4WfDp289zyezjMAW0OkI/OUK9oiXwew==",
            "engines": {
                "node": ">=12.0.0"
            }
        }
    },
    "dependencies": {
        "autana-api-gateway": {
            "version": "1.0.3",
            "resolved": "https://registry.npmjs.org/autana-api-gateway/-/autana-api-gateway-1.0.3.tgz",
            "integrity": "sha512-J43UxfQCK5g3KbzBUdlPIkaW/EyXLEvXVPHhYoTkaDqDdLpWLPrFuoT4WfDp289zyezjMAW0OkI/OUK9oiXwew=="
        }
    }
}
