{
    "name": "node-red-project",
    "version": "0.0.1",
    "lockfileVersion": 2,
    "requires": true,
    "packages": {
        "": {
            "name": "node-red-project",
            "version": "0.0.1",
            "dependencies": {
                "autana-api-gateway": "~1.0.3",
                "node-red-contrib-transform": "^1.1.0"
            }
        },
        "../../autanaLabs/nodered/autana-jsonata-transform": {
            "name": "node-red-contrib-transform",
            "version": "1.1.0",
            "license": "ISC"
        },
        "node_modules/autana-api-gateway": {
            "version": "1.0.3",
            "resolved": "https://registry.npmjs.org/autana-api-gateway/-/autana-api-gateway-1.0.3.tgz",
            "integrity": "sha512-J43UxfQCK5g3KbzBUdlPIkaW/EyXLEvXVPHhYoTkaDqDdLpWLPrFuoT4WfDp289zyezjMAW0OkI/OUK9oiXwew==",
            "engines": {
                "node": ">=12.0.0"
            }
        },
        "node_modules/node-red-contrib-transform": {
            "resolved": "../../autanaLabs/nodered/autana-jsonata-transform",
            "link": true
        }
    },
    "dependencies": {
        "autana-api-gateway": {
            "version": "1.0.3",
            "resolved": "https://registry.npmjs.org/autana-api-gateway/-/autana-api-gateway-1.0.3.tgz",
            "integrity": "sha512-J43UxfQCK5g3KbzBUdlPIkaW/EyXLEvXVPHhYoTkaDqDdLpWLPrFuoT4WfDp289zyezjMAW0OkI/OUK9oiXwew=="
        },
        "node-red-contrib-transform": {
            "version": "file:../../autanaLabs/nodered/autana-jsonata-transform"
        }
    }
}
