{
    "name": "node-red-project",
    "version": "0.0.1",
    "lockfileVersion": 2,
    "requires": true,
    "packages": {
        "": {
            "name": "node-red-project",
            "version": "0.0.1",
            "dependencies": {
                "autana-api-gateway": "~1.0.3",
                "autana-jsonata-transform": "^2.0.2"
            }
        },
        "node_modules/autana-api-gateway": {
            "version": "1.0.3",
            "resolved": "https://registry.npmjs.org/autana-api-gateway/-/autana-api-gateway-1.0.3.tgz",
            "integrity": "sha512-J43UxfQCK5g3KbzBUdlPIkaW/EyXLEvXVPHhYoTkaDqDdLpWLPrFuoT4WfDp289zyezjMAW0OkI/OUK9oiXwew==",
            "engines": {
                "node": ">=12.0.0"
            }
        },
        "node_modules/autana-jsonata-transform": {
            "version": "2.0.2",
            "resolved": "https://registry.npmjs.org/autana-jsonata-transform/-/autana-jsonata-transform-2.0.2.tgz",
            "integrity": "sha512-4rzspnZsiFS5F1Oi2re1q1g5Zi6O4z623WxCWofvhLJgdSpuEzFV3qEcJCOHIl0OWoAPRj9piDD6TjWL8JRQzQ==",
            "engines": {
                "node": ">=12.0.0"
            }
        }
    },
    "dependencies": {
        "autana-api-gateway": {
            "version": "1.0.3",
            "resolved": "https://registry.npmjs.org/autana-api-gateway/-/autana-api-gateway-1.0.3.tgz",
            "integrity": "sha512-J43UxfQCK5g3KbzBUdlPIkaW/EyXLEvXVPHhYoTkaDqDdLpWLPrFuoT4WfDp289zyezjMAW0OkI/OUK9oiXwew=="
        },
        "autana-jsonata-transform": {
            "version": "2.0.2",
            "resolved": "https://registry.npmjs.org/autana-jsonata-transform/-/autana-jsonata-transform-2.0.2.tgz",
            "integrity": "sha512-4rzspnZsiFS5F1Oi2re1q1g5Zi6O4z623WxCWofvhLJgdSpuEzFV3qEcJCOHIl0OWoAPRj9piDD6TjWL8JRQzQ=="
        }
    }
}
